# generated by rye
# use `rye lock` or `rye sync` to update this lockfile
#
# last locked with the following flags:
#   pre: false
#   features: []
#   all-features: false
#   with-sources: false

asgiref==3.8.1
    # via django
certifi==2024.2.2
    # via requests
charset-normalizer==3.3.2
    # via requests
django==4.2.11
gunicorn==22.0.0
idna==3.7
    # via requests
packaging==24.0
    # via gunicorn
requests==2.31.0
sqlparse==0.5.0
    # via django
urllib3==2.2.1
    # via requests
whitenoise==6.6.0
